
Microsoft Visual Studio Solution File, Format Version 12.00
# Visual Studio 2015
Project("{FAE04EC0-301F-11D3-BF4B-00C04F79EFBC}") = "HTW_Motorsport_Simulator.CSharp", "HTW_Motorsport_Simulator.CSharp.csproj", "{4A9C4D89-747A-DBF3-494D-CA8142AF521D}"
EndProject
Global
	GlobalSection(SolutionConfigurationPlatforms) = preSolution
		Debug|Any CPU = Debug|Any CPU
		Release|Any CPU = Release|Any CPU
	EndGlobalSection
	GlobalSection(ProjectConfigurationPlatforms) = postSolution
		{4A9C4D89-747A-DBF3-494D-CA8142AF521D}.Debug|Any CPU.ActiveCfg = Debug|Any CPU
		{4A9C4D89-747A-DBF3-494D-CA8142AF521D}.Debug|Any CPU.Build.0 = Debug|Any CPU
		{4A9C4D89-747A-DBF3-494D-CA8142AF521D}.Release|Any CPU.ActiveCfg = Release|Any CPU
		{4A9C4D89-747A-DBF3-494D-CA8142AF521D}.Release|Any CPU.Build.0 = Release|Any CPU
	EndGlobalSection
	GlobalSection(SolutionProperties) = preSolution
		HideSolutionNode = FALSE
	EndGlobalSection
EndGlobal
